
Microsoft Visual Studio Solution File, Format Version 12.00
# Visual Studio Version 17
VisualStudioVersion = 17.8.34525.116
MinimumVisualStudioVersion = 10.0.40219.1
Project("{9A19103F-16F7-4668-BE54-9A1E7A4F7556}") = "MauiTodo.API", "MauiTodo.API.csproj", "{C706967C-AAD9-4010-8877-36F242356375}"
EndProject
Project("{2150E333-8FDC-42A3-9474-1A3956D46DE8}") = "Solution Items", "Solution Items", "{2BC40B0B-5EF0-4A24-B101-3EE94212779D}"
	ProjectSection(SolutionItems) = preProject
		CreateTodoTable.sql = CreateTodoTable.sql
		InsertDummyTodos.sql = InsertDummyTodos.sql
	EndProjectSection
EndProject
Project("{FAE04EC0-301F-11D3-BF4B-00C04F79EFBC}") = "MauiTodo.Client1", "..\MauiTodo.Client1\MauiTodo.Client1.csproj", "{963A9E9F-C92B-4B5F-9DA4-53F28B6CB014}"
EndProject
Global
	GlobalSection(SolutionConfigurationPlatforms) = preSolution
		Debug|Any CPU = Debug|Any CPU
		Release|Any CPU = Release|Any CPU
	EndGlobalSection
	GlobalSection(ProjectConfigurationPlatforms) = postSolution
		{C706967C-AAD9-4010-8877-36F242356375}.Debug|Any CPU.ActiveCfg = Debug|Any CPU
		{C706967C-AAD9-4010-8877-36F242356375}.Debug|Any CPU.Build.0 = Debug|Any CPU
		{C706967C-AAD9-4010-8877-36F242356375}.Release|Any CPU.ActiveCfg = Release|Any CPU
		{C706967C-AAD9-4010-8877-36F242356375}.Release|Any CPU.Build.0 = Release|Any CPU
		{963A9E9F-C92B-4B5F-9DA4-53F28B6CB014}.Debug|Any CPU.ActiveCfg = Debug|Any CPU
		{963A9E9F-C92B-4B5F-9DA4-53F28B6CB014}.Debug|Any CPU.Build.0 = Debug|Any CPU
		{963A9E9F-C92B-4B5F-9DA4-53F28B6CB014}.Debug|Any CPU.Deploy.0 = Debug|Any CPU
		{963A9E9F-C92B-4B5F-9DA4-53F28B6CB014}.Release|Any CPU.ActiveCfg = Release|Any CPU
		{963A9E9F-C92B-4B5F-9DA4-53F28B6CB014}.Release|Any CPU.Build.0 = Release|Any CPU
		{963A9E9F-C92B-4B5F-9DA4-53F28B6CB014}.Release|Any CPU.Deploy.0 = Release|Any CPU
	EndGlobalSection
	GlobalSection(SolutionProperties) = preSolution
		HideSolutionNode = FALSE
	EndGlobalSection
	GlobalSection(ExtensibilityGlobals) = postSolution
		SolutionGuid = {4D345EAA-60A4-4082-856C-265FFE7558AB}
	EndGlobalSection
EndGlobal
